
Microsoft Visual Studio Solution File, Format Version 12.00
# Visual Studio Version 17
VisualStudioVersion = 17.9.34622.214
MinimumVisualStudioVersion = 10.0.40219.1
Project("{9A19103F-16F7-4668-BE54-9A1E7A4F7556}") = "DP-backend", "src\DP-backend\DP-backend.csproj", "{54253C6B-BA5D-443A-8A7E-75123B17F4D8}"
EndProject
Project("{9A19103F-16F7-4668-BE54-9A1E7A4F7556}") = "DP-backend.Domain.Identity", "src\DP-backend.Domain.Identity\DP-backend.Domain.Identity.csproj", "{4E07970E-70AF-4D7B-B5F3-474741E2E916}"
EndProject
Project("{9A19103F-16F7-4668-BE54-9A1E7A4F7556}") = "DP-backend.Domain.Employment", "src\DP-backend.Domain.Employment\DP-backend.Domain.Employment.csproj", "{EA3E9D61-E2F1-47E8-B0C0-72310EBA3199}"
EndProject
Project("{9A19103F-16F7-4668-BE54-9A1E7A4F7556}") = "DP-backend.Common", "src\DP-backend.Common\DP-backend.Common.csproj", "{AC828830-76BD-4760-B6CB-F06EDFB13036}"
EndProject
Project("{9A19103F-16F7-4668-BE54-9A1E7A4F7556}") = "AuthTest", "AuthTest\AuthTest.csproj", "{AB5FF1F4-6219-4C40-BFA6-D40630882755}"
EndProject
Project("{FAE04EC0-301F-11D3-BF4B-00C04F79EFBC}") = "DP-backend.FileStorage", "src\DP-backend.FileStorage\DP-backend.FileStorage.csproj", "{B63E1F99-4D09-4986-909B-96BB99157D17}"
EndProject
Project("{FAE04EC0-301F-11D3-BF4B-00C04F79EFBC}") = "DP-backend.Domain.FileStorage", "src\DP-backend.Domain.FileStorage\DP-backend.Domain.FileStorage.csproj", "{81ABF089-D4D1-4D18-ADF7-E7CCD9B49449}"
EndProject
Project("{FAE04EC0-301F-11D3-BF4B-00C04F79EFBC}") = "DP-backend.Database", "src\DP-backend.Database\DP-backend.Database.csproj", "{5B188FF2-3AEA-490B-9076-C6907FF644B9}"
EndProject
Global
	GlobalSection(SolutionConfigurationPlatforms) = preSolution
		Debug|Any CPU = Debug|Any CPU
		Release|Any CPU = Release|Any CPU
	EndGlobalSection
	GlobalSection(ProjectConfigurationPlatforms) = postSolution
		{54253C6B-BA5D-443A-8A7E-75123B17F4D8}.Debug|Any CPU.ActiveCfg = Debug|Any CPU
		{54253C6B-BA5D-443A-8A7E-75123B17F4D8}.Debug|Any CPU.Build.0 = Debug|Any CPU
		{54253C6B-BA5D-443A-8A7E-75123B17F4D8}.Release|Any CPU.ActiveCfg = Release|Any CPU
		{54253C6B-BA5D-443A-8A7E-75123B17F4D8}.Release|Any CPU.Build.0 = Release|Any CPU
		{4E07970E-70AF-4D7B-B5F3-474741E2E916}.Debug|Any CPU.ActiveCfg = Debug|Any CPU
		{4E07970E-70AF-4D7B-B5F3-474741E2E916}.Debug|Any CPU.Build.0 = Debug|Any CPU
		{4E07970E-70AF-4D7B-B5F3-474741E2E916}.Release|Any CPU.ActiveCfg = Release|Any CPU
		{4E07970E-70AF-4D7B-B5F3-474741E2E916}.Release|Any CPU.Build.0 = Release|Any CPU
		{EA3E9D61-E2F1-47E8-B0C0-72310EBA3199}.Debug|Any CPU.ActiveCfg = Debug|Any CPU
		{EA3E9D61-E2F1-47E8-B0C0-72310EBA3199}.Debug|Any CPU.Build.0 = Debug|Any CPU
		{EA3E9D61-E2F1-47E8-B0C0-72310EBA3199}.Release|Any CPU.ActiveCfg = Release|Any CPU
		{EA3E9D61-E2F1-47E8-B0C0-72310EBA3199}.Release|Any CPU.Build.0 = Release|Any CPU
		{AC828830-76BD-4760-B6CB-F06EDFB13036}.Debug|Any CPU.ActiveCfg = Debug|Any CPU
		{AC828830-76BD-4760-B6CB-F06EDFB13036}.Debug|Any CPU.Build.0 = Debug|Any CPU
		{AC828830-76BD-4760-B6CB-F06EDFB13036}.Release|Any CPU.ActiveCfg = Release|Any CPU
		{AC828830-76BD-4760-B6CB-F06EDFB13036}.Release|Any CPU.Build.0 = Release|Any CPU
		{AB5FF1F4-6219-4C40-BFA6-D40630882755}.Debug|Any CPU.ActiveCfg = Debug|Any CPU
		{AB5FF1F4-6219-4C40-BFA6-D40630882755}.Debug|Any CPU.Build.0 = Debug|Any CPU
		{AB5FF1F4-6219-4C40-BFA6-D40630882755}.Release|Any CPU.ActiveCfg = Release|Any CPU
		{AB5FF1F4-6219-4C40-BFA6-D40630882755}.Release|Any CPU.Build.0 = Release|Any CPU
		{B63E1F99-4D09-4986-909B-96BB99157D17}.Debug|Any CPU.ActiveCfg = Debug|Any CPU
		{B63E1F99-4D09-4986-909B-96BB99157D17}.Debug|Any CPU.Build.0 = Debug|Any CPU
		{B63E1F99-4D09-4986-909B-96BB99157D17}.Release|Any CPU.ActiveCfg = Release|Any CPU
		{B63E1F99-4D09-4986-909B-96BB99157D17}.Release|Any CPU.Build.0 = Release|Any CPU
		{81ABF089-D4D1-4D18-ADF7-E7CCD9B49449}.Debug|Any CPU.ActiveCfg = Debug|Any CPU
		{81ABF089-D4D1-4D18-ADF7-E7CCD9B49449}.Debug|Any CPU.Build.0 = Debug|Any CPU
		{81ABF089-D4D1-4D18-ADF7-E7CCD9B49449}.Release|Any CPU.ActiveCfg = Release|Any CPU
		{81ABF089-D4D1-4D18-ADF7-E7CCD9B49449}.Release|Any CPU.Build.0 = Release|Any CPU
		{5B188FF2-3AEA-490B-9076-C6907FF644B9}.Debug|Any CPU.ActiveCfg = Debug|Any CPU
		{5B188FF2-3AEA-490B-9076-C6907FF644B9}.Debug|Any CPU.Build.0 = Debug|Any CPU
		{5B188FF2-3AEA-490B-9076-C6907FF644B9}.Release|Any CPU.ActiveCfg = Release|Any CPU
		{5B188FF2-3AEA-490B-9076-C6907FF644B9}.Release|Any CPU.Build.0 = Release|Any CPU
	EndGlobalSection
	GlobalSection(SolutionProperties) = preSolution
		HideSolutionNode = FALSE
	EndGlobalSection
	GlobalSection(ExtensibilityGlobals) = postSolution
		SolutionGuid = {DFAD4A38-6252-452F-A32A-9B0165A99B18}
	EndGlobalSection
EndGlobal
